
Microsoft Visual Studio Solution File, Format Version 12.00
# Visual Studio Version 17
VisualStudioVersion = 17.0.32112.339
MinimumVisualStudioVersion = 10.0.40219.1
Project("{FAE04EC0-301F-11D3-BF4B-00C04F79EFBC}") = "Lab3", "Lab3.csproj", "{E3F398AC-31DB-43CB-A928-F6DDEDB55649}"
EndProject
Global
	GlobalSection(SolutionConfigurationPlatforms) = preSolution
		Debug|Any CPU = Debug|Any CPU
		Release|Any CPU = Release|Any CPU
	EndGlobalSection
	GlobalSection(ProjectConfigurationPlatforms) = postSolution
		{E3F398AC-31DB-43CB-A928-F6DDEDB55649}.Debug|Any CPU.ActiveCfg = Debug|Any CPU
		{E3F398AC-31DB-43CB-A928-F6DDEDB55649}.Debug|Any CPU.Build.0 = Debug|Any CPU
		{E3F398AC-31DB-43CB-A928-F6DDEDB55649}.Release|Any CPU.ActiveCfg = Release|Any CPU
		{E3F398AC-31DB-43CB-A928-F6DDEDB55649}.Release|Any CPU.Build.0 = Release|Any CPU
	EndGlobalSection
	GlobalSection(SolutionProperties) = preSolution
		HideSolutionNode = FALSE
	EndGlobalSection
	GlobalSection(ExtensibilityGlobals) = postSolution
		SolutionGuid = {0D119B92-4988-430D-9317-D44AA8FDD793}
	EndGlobalSection
EndGlobal
